
Microsoft Visual Studio Solution File, Format Version 12.00
# Visual Studio Version 17
VisualStudioVersion = 17.8.34322.80
MinimumVisualStudioVersion = 10.0.40219.1
Project("{FAE04EC0-301F-11D3-BF4B-00C04F79EFBC}") = "HipLantern", "HipLantern.csproj", "{74D9DF24-BD3C-4F53-B58E-F4171C9BD3FF}"
EndProject
Global
	GlobalSection(SolutionConfigurationPlatforms) = preSolution
		Debug|Any CPU = Debug|Any CPU
		Release|Any CPU = Release|Any CPU
	EndGlobalSection
	GlobalSection(ProjectConfigurationPlatforms) = postSolution
		{74D9DF24-BD3C-4F53-B58E-F4171C9BD3FF}.Debug|Any CPU.ActiveCfg = Debug|Any CPU
		{74D9DF24-BD3C-4F53-B58E-F4171C9BD3FF}.Debug|Any CPU.Build.0 = Debug|Any CPU
		{74D9DF24-BD3C-4F53-B58E-F4171C9BD3FF}.Release|Any CPU.ActiveCfg = Release|Any CPU
		{74D9DF24-BD3C-4F53-B58E-F4171C9BD3FF}.Release|Any CPU.Build.0 = Release|Any CPU
	EndGlobalSection
	GlobalSection(SolutionProperties) = preSolution
		HideSolutionNode = FALSE
	EndGlobalSection
	GlobalSection(ExtensibilityGlobals) = postSolution
		SolutionGuid = {A78D1CF9-E322-4CF1-BAE7-579801A7F436}
	EndGlobalSection
EndGlobal
